
Microsoft Visual Studio Solution File, Format Version 12.00
# Visual Studio Version 17
VisualStudioVersion = 17.2.32616.157
MinimumVisualStudioVersion = 10.0.40219.1
Project("{9A19103F-16F7-4668-BE54-9A1E7A4F7556}") = "00 Presentations", "00 Presentations\00 Presentations.csproj", "{542CFE3D-0BA3-4F08-A091-F2544CBF7E1C}"
EndProject
Project("{9A19103F-16F7-4668-BE54-9A1E7A4F7556}") = "02 Introduction", "02 Introduction\02 Introduction.csproj", "{F887736A-CF11-4934-A572-4171678075DB}"
EndProject
Project("{9A19103F-16F7-4668-BE54-9A1E7A4F7556}") = "04 Configuration", "04 Configuration\04 Configuration.csproj", "{DE1A6898-DB08-4DDC-8583-568F74999214}"
EndProject
Project("{9A19103F-16F7-4668-BE54-9A1E7A4F7556}") = "05 FormValidation", "05 FormValidation\05 FormValidation.csproj", "{C7F63D39-D56C-4BC6-B677-45B20BA6E1D5}"
EndProject
Project("{9A19103F-16F7-4668-BE54-9A1E7A4F7556}") = "06 WorkingWithDB", "06 WorkingWithDB\06 WorkingWithDB.csproj", "{8A5F4892-C4C4-4CB8-B989-607D69270C79}"
EndProject
Project("{9A19103F-16F7-4668-BE54-9A1E7A4F7556}") = "07_Authentication", "07_Authentication\07_Authentication.csproj", "{C856D9EE-9707-4681-A262-BF40E359CD14}"
EndProject
Project("{9A19103F-16F7-4668-BE54-9A1E7A4F7556}") = "08_TempData", "08_TempData\08_TempData.csproj", "{8E13F44A-9EEC-48D1-AE42-F56A30191C22}"
EndProject
Project("{9A19103F-16F7-4668-BE54-9A1E7A4F7556}") = "10_SendEmail", "10_SendEmail\10_SendEmail.csproj", "{B45D30F9-F765-488A-85BB-C17ED9F60F64}"
EndProject
Project("{FAE04EC0-301F-11D3-BF4B-00C04F79EFBC}") = "MyNews.Web", "MyNews.Web\MyNews.Web.csproj", "{8DA95BE8-F6EA-449D-8CC9-408440C67A8E}"
EndProject
Project("{FAE04EC0-301F-11D3-BF4B-00C04F79EFBC}") = "MyNews.BLL", "MyNews.BLL\MyNews.BLL.csproj", "{E63EC112-F95B-4A1E-B6B9-066C668CBFAF}"
EndProject
Project("{FAE04EC0-301F-11D3-BF4B-00C04F79EFBC}") = "MyNews.DAL", "MyNews.DAL\MyNews.DAL.csproj", "{F3369D81-3299-4D30-BBF2-BF9B00E36B87}"
EndProject
Global
	GlobalSection(SolutionConfigurationPlatforms) = preSolution
		Debug|Any CPU = Debug|Any CPU
		Release|Any CPU = Release|Any CPU
	EndGlobalSection
	GlobalSection(ProjectConfigurationPlatforms) = postSolution
		{542CFE3D-0BA3-4F08-A091-F2544CBF7E1C}.Debug|Any CPU.ActiveCfg = Debug|Any CPU
		{542CFE3D-0BA3-4F08-A091-F2544CBF7E1C}.Debug|Any CPU.Build.0 = Debug|Any CPU
		{542CFE3D-0BA3-4F08-A091-F2544CBF7E1C}.Release|Any CPU.ActiveCfg = Release|Any CPU
		{542CFE3D-0BA3-4F08-A091-F2544CBF7E1C}.Release|Any CPU.Build.0 = Release|Any CPU
		{F887736A-CF11-4934-A572-4171678075DB}.Debug|Any CPU.ActiveCfg = Debug|Any CPU
		{F887736A-CF11-4934-A572-4171678075DB}.Debug|Any CPU.Build.0 = Debug|Any CPU
		{F887736A-CF11-4934-A572-4171678075DB}.Release|Any CPU.ActiveCfg = Release|Any CPU
		{F887736A-CF11-4934-A572-4171678075DB}.Release|Any CPU.Build.0 = Release|Any CPU
		{DE1A6898-DB08-4DDC-8583-568F74999214}.Debug|Any CPU.ActiveCfg = Debug|Any CPU
		{DE1A6898-DB08-4DDC-8583-568F74999214}.Debug|Any CPU.Build.0 = Debug|Any CPU
		{DE1A6898-DB08-4DDC-8583-568F74999214}.Release|Any CPU.ActiveCfg = Release|Any CPU
		{DE1A6898-DB08-4DDC-8583-568F74999214}.Release|Any CPU.Build.0 = Release|Any CPU
		{C7F63D39-D56C-4BC6-B677-45B20BA6E1D5}.Debug|Any CPU.ActiveCfg = Debug|Any CPU
		{C7F63D39-D56C-4BC6-B677-45B20BA6E1D5}.Debug|Any CPU.Build.0 = Debug|Any CPU
		{C7F63D39-D56C-4BC6-B677-45B20BA6E1D5}.Release|Any CPU.ActiveCfg = Release|Any CPU
		{C7F63D39-D56C-4BC6-B677-45B20BA6E1D5}.Release|Any CPU.Build.0 = Release|Any CPU
		{8A5F4892-C4C4-4CB8-B989-607D69270C79}.Debug|Any CPU.ActiveCfg = Debug|Any CPU
		{8A5F4892-C4C4-4CB8-B989-607D69270C79}.Debug|Any CPU.Build.0 = Debug|Any CPU
		{8A5F4892-C4C4-4CB8-B989-607D69270C79}.Release|Any CPU.ActiveCfg = Release|Any CPU
		{8A5F4892-C4C4-4CB8-B989-607D69270C79}.Release|Any CPU.Build.0 = Release|Any CPU
		{C856D9EE-9707-4681-A262-BF40E359CD14}.Debug|Any CPU.ActiveCfg = Debug|Any CPU
		{C856D9EE-9707-4681-A262-BF40E359CD14}.Debug|Any CPU.Build.0 = Debug|Any CPU
		{C856D9EE-9707-4681-A262-BF40E359CD14}.Release|Any CPU.ActiveCfg = Release|Any CPU
		{C856D9EE-9707-4681-A262-BF40E359CD14}.Release|Any CPU.Build.0 = Release|Any CPU
		{8E13F44A-9EEC-48D1-AE42-F56A30191C22}.Debug|Any CPU.ActiveCfg = Debug|Any CPU
		{8E13F44A-9EEC-48D1-AE42-F56A30191C22}.Debug|Any CPU.Build.0 = Debug|Any CPU
		{8E13F44A-9EEC-48D1-AE42-F56A30191C22}.Release|Any CPU.ActiveCfg = Release|Any CPU
		{8E13F44A-9EEC-48D1-AE42-F56A30191C22}.Release|Any CPU.Build.0 = Release|Any CPU
		{B45D30F9-F765-488A-85BB-C17ED9F60F64}.Debug|Any CPU.ActiveCfg = Debug|Any CPU
		{B45D30F9-F765-488A-85BB-C17ED9F60F64}.Debug|Any CPU.Build.0 = Debug|Any CPU
		{B45D30F9-F765-488A-85BB-C17ED9F60F64}.Release|Any CPU.ActiveCfg = Release|Any CPU
		{B45D30F9-F765-488A-85BB-C17ED9F60F64}.Release|Any CPU.Build.0 = Release|Any CPU
		{8DA95BE8-F6EA-449D-8CC9-408440C67A8E}.Debug|Any CPU.ActiveCfg = Debug|Any CPU
		{8DA95BE8-F6EA-449D-8CC9-408440C67A8E}.Debug|Any CPU.Build.0 = Debug|Any CPU
		{8DA95BE8-F6EA-449D-8CC9-408440C67A8E}.Release|Any CPU.ActiveCfg = Release|Any CPU
		{8DA95BE8-F6EA-449D-8CC9-408440C67A8E}.Release|Any CPU.Build.0 = Release|Any CPU
		{E63EC112-F95B-4A1E-B6B9-066C668CBFAF}.Debug|Any CPU.ActiveCfg = Debug|Any CPU
		{E63EC112-F95B-4A1E-B6B9-066C668CBFAF}.Debug|Any CPU.Build.0 = Debug|Any CPU
		{E63EC112-F95B-4A1E-B6B9-066C668CBFAF}.Release|Any CPU.ActiveCfg = Release|Any CPU
		{E63EC112-F95B-4A1E-B6B9-066C668CBFAF}.Release|Any CPU.Build.0 = Release|Any CPU
		{F3369D81-3299-4D30-BBF2-BF9B00E36B87}.Debug|Any CPU.ActiveCfg = Debug|Any CPU
		{F3369D81-3299-4D30-BBF2-BF9B00E36B87}.Debug|Any CPU.Build.0 = Debug|Any CPU
		{F3369D81-3299-4D30-BBF2-BF9B00E36B87}.Release|Any CPU.ActiveCfg = Release|Any CPU
		{F3369D81-3299-4D30-BBF2-BF9B00E36B87}.Release|Any CPU.Build.0 = Release|Any CPU
	EndGlobalSection
	GlobalSection(SolutionProperties) = preSolution
		HideSolutionNode = FALSE
	EndGlobalSection
	GlobalSection(ExtensibilityGlobals) = postSolution
		SolutionGuid = {51BC9133-444C-4A2F-BF9D-A3B79E9F4363}
	EndGlobalSection
EndGlobal
